<?xml version="1.0" encoding="utf-8"?>
<Project ToolsVersion="4.0" xmlns="http://schemas.microsoft.com/developer/msbuild/2003">
  <ItemGroup>
    <ClCompile Include="src\ofApp.cpp">
      <Filter>src</Filter>
    </ClCompile>
    <ClCompile Include="src\main.cpp">
      <Filter>src</Filter>
    </ClCompile>
    <ClCompile Include="src\Stage.cpp">
      <Filter>src</Filter>
    </ClCompile>
    <ClCompile Include="src\Terrain.cpp">
      <Filter>src</Filter>
    </ClCompile>
    <ClCompile Include="src\LatLon.cpp">
      <Filter>src</Filter>
    </ClCompile>
    <ClCompile Include="src\Saver.cpp">
      <Filter>src</Filter>
    </ClCompile>
    <ClCompile Include="src\Noise.cpp">
      <Filter>src</Filter>
    </ClCompile>
    <ClCompile Include="src\CurveTerrain.cpp">
      <Filter>src</Filter>
    </ClCompile>
    <ClCompile Include="src\Landmarks.cpp">
      <Filter>src</Filter>
    </ClCompile>
    <ClCompile Include="src\Paths.cpp">
      <Filter>src</Filter>
    </ClCompile>
    <ClCompile Include="src\Start.cpp">
      <Filter>src</Filter>
    </ClCompile>
  </ItemGroup>
  <ItemGroup>
    <Filter Include="src">
      <UniqueIdentifier>{d8376475-7454-4a24-b08a-aac121d3ad6f}</UniqueIdentifier>
    </Filter>
    <Filter Include="addons">
      <UniqueIdentifier>{5e151196-9418-4560-968e-888d7f54c150}</UniqueIdentifier>
    </Filter>
  </ItemGroup>
  <ItemGroup>
    <ClInclude Include="src\ofApp.h">
      <Filter>src</Filter>
    </ClInclude>
    <ClInclude Include="src\Terrain.h">
      <Filter>src</Filter>
    </ClInclude>
    <ClInclude Include="src\Noise.h">
      <Filter>src</Filter>
    </ClInclude>
    <ClInclude Include="src\LatLon.h">
      <Filter>src</Filter>
    </ClInclude>
    <ClInclude Include="src\Saver.h">
      <Filter>src</Filter>
    </ClInclude>
    <ClInclude Include="src\CurveTerrain.h">
      <Filter>src</Filter>
    </ClInclude>
    <ClInclude Include="src\Landmarks.h">
      <Filter>src</Filter>
    </ClInclude>
    <ClInclude Include="src\Paths.h">
      <Filter>src</Filter>
    </ClInclude>
    <ClInclude Include="src\Start.h">
      <Filter>src</Filter>
    </ClInclude>
    <ClInclude Include="src\Stage.h">
      <Filter>src</Filter>
    </ClInclude>
  </ItemGroup>
  <ItemGroup>
    <ResourceCompile Include="icon.rc" />
  </ItemGroup>
</Project>